
Microsoft Visual Studio Solution File, Format Version 12.00
# Visual Studio Version 17
VisualStudioVersion = 17.5.002.0
MinimumVisualStudioVersion = 10.0.40219.1
Project("{9A19103F-16F7-4668-BE54-9A1E7A4F7556}") = "ADE.Tutorial", "ADE.Tutorial\ADE.Tutorial.csproj", "{3DCBF951-E156-4B52-8C75-30E6B9EB6366}"
EndProject
Global
	GlobalSection(SolutionConfigurationPlatforms) = preSolution
		Debug|Any CPU = Debug|Any CPU
		Release|Any CPU = Release|Any CPU
	EndGlobalSection
	GlobalSection(ProjectConfigurationPlatforms) = postSolution
		{3DCBF951-E156-4B52-8C75-30E6B9EB6366}.Debug|Any CPU.ActiveCfg = Debug|Any CPU
		{3DCBF951-E156-4B52-8C75-30E6B9EB6366}.Debug|Any CPU.Build.0 = Debug|Any CPU
		{3DCBF951-E156-4B52-8C75-30E6B9EB6366}.Release|Any CPU.ActiveCfg = Release|Any CPU
		{3DCBF951-E156-4B52-8C75-30E6B9EB6366}.Release|Any CPU.Build.0 = Release|Any CPU
	EndGlobalSection
	GlobalSection(SolutionProperties) = preSolution
		HideSolutionNode = FALSE
	EndGlobalSection
	GlobalSection(ExtensibilityGlobals) = postSolution
		SolutionGuid = {09785DCF-E97D-40C4-9D6C-2E44B068DD47}
	EndGlobalSection
EndGlobal
